{
  "nodes": {
    "emacs-overlay": {
      "locked": {
        "lastModified": 1615060265,
        "narHash": "sha256-qELggNusv9uVIADwxSET0N1th6Bn0zl0MjHE9CF2sfA=",
        "owner": "nix-community",
        "repo": "emacs-overlay",
        "rev": "3c1b842db32910dd18d53085c0443ab9e2526c93",
        "type": "github"
      },
      "original": {
        "owner": "nix-community",
        "repo": "emacs-overlay",
        "type": "github"
      }
    },
    "init-leafs": {
      "flake": false,
      "locked": {
        "narHash": "sha256-qvL95Km32qjNfiy13O8XdWHQo2qUBCo4b7tieO0Sxaw=",
        "path": "/home/alab/.emacs.i/init-leafs.el",
        "type": "path"
      },
      "original": {
        "path": "/home/alab/.emacs.i/init-leafs.el",
        "type": "path"
      }
    },
    "nixpkgs": {
      "locked": {
        "lastModified": 1611219034,
        "narHash": "sha256-bgp8G3LcpvKs22/z5Cj4XQkmZq05Aa0vaP1bKl7X0zM=",
        "path": "/nix/store/pl5nzbz7s187b7x2scj27b4wpkm1g93h-source",
        "rev": "f217c0ea7c148ddc0103347051555c7c252dcafb",
        "type": "path"
      },
      "original": {
        "id": "nixpkgs",
        "type": "indirect"
      }
    },
    "nixpkgs-mozilla": {
      "flake": false,
      "locked": {
        "lastModified": 1603906276,
        "narHash": "sha256-RsNPnEKd7BcogwkqhaV5kI/HuNC4flH/OQCC/4W5y/8=",
        "owner": "mozilla",
        "repo": "nixpkgs-mozilla",
        "rev": "8c007b60731c07dd7a052cce508de3bb1ae849b4",
        "type": "github"
      },
      "original": {
        "owner": "mozilla",
        "repo": "nixpkgs-mozilla",
        "type": "github"
      }
    },
    "nodejs": {
      "inputs": {
        "nixpkgs": [
          "nixpkgs"
        ],
        "pkgs-src": "pkgs-src"
      },
      "locked": {
        "lastModified": 1615068570,
        "narHash": "sha256-YD64JTj7iuAmbO21IGN4ztKkuZNzJzOMUfMnW4aEMLM=",
        "owner": "calbrecht",
        "repo": "f4s-nodejs",
        "rev": "17347f9c91d663dc5697dad57a7b49931b6463ad",
        "type": "github"
      },
      "original": {
        "owner": "calbrecht",
        "repo": "f4s-nodejs",
        "type": "github"
      }
    },
    "pkgs-src": {
      "flake": false,
      "locked": {
        "dir": "pkgs",
        "lastModified": 1615068554,
        "narHash": "sha256-rohOO9MqbXFfuStsgT8EOuNWIIV4qFSMzYGHKdFKwUk=",
        "owner": "calbrecht",
        "repo": "f4s-nodejs",
        "rev": "ca9350efd393ca755192704ca94cb1ae1cd3b3e0",
        "type": "github"
      },
      "original": {
        "dir": "pkgs",
        "owner": "calbrecht",
        "repo": "f4s-nodejs",
        "type": "github"
      }
    },
    "root": {
      "inputs": {
        "emacs-overlay": "emacs-overlay",
        "init-leafs": "init-leafs",
        "nixpkgs": "nixpkgs",
        "nodejs": "nodejs",
        "rust": "rust"
      }
    },
    "rust": {
      "inputs": {
        "nixpkgs-mozilla": "nixpkgs-mozilla"
      },
      "locked": {
        "lastModified": 1610826721,
        "narHash": "sha256-XoX2ubsgP2J0LD4fiAtlpAWkCf3XQVQ5ZxOikzr8Go0=",
        "owner": "calbrecht",
        "repo": "f4s-rust",
        "rev": "0095240c1821515e5197a64d1383d257be116d2b",
        "type": "github"
      },
      "original": {
        "owner": "calbrecht",
        "repo": "f4s-rust",
        "type": "github"
      }
    }
  },
  "root": "root",
  "version": 7
}
