{
  "nodes": {
    "emacs-overlay": {
      "locked": {
        "lastModified": 1622490648,
        "narHash": "sha256-SOzqeZDEANEvnTm1d+CpSt+Bi2NEhuVdmO1M9BZn7oo=",
        "owner": "nix-community",
        "repo": "emacs-overlay",
        "rev": "ca18017fa61a4bb8069d1bba74c4198c3c21c6fc",
        "type": "github"
      },
      "original": {
        "owner": "nix-community",
        "repo": "emacs-overlay",
        "type": "github"
      }
    },
    "init-leafs": {
      "flake": false,
      "locked": {
        "narHash": "sha256-gYnyIuxzumGTjB5LeebGO1ZOABUvZDJW4uJtE5eNftw=",
        "path": "/home/alab/.emacs.i/init-leafs.el",
        "type": "path"
      },
      "original": {
        "path": "/home/alab/.emacs.i/init-leafs.el",
        "type": "path"
      }
    },
    "nixpkgs": {
      "locked": {
        "lastModified": 1622130759,
        "narHash": "sha256-8VBnfkr4RcmOtYbj7wbUruwatqAggZrCLoiA6N4CLMs=",
        "path": "/nix/store/nl8ffxqqh0n219pksphnfwha27myb140-source",
        "rev": "d8e73279b9e9dda14ba18d03f69c3747ae52a8b7",
        "type": "path"
      },
      "original": {
        "id": "nixpkgs",
        "type": "indirect"
      }
    },
    "nixpkgs-mozilla": {
      "flake": false,
      "locked": {
        "lastModified": 1603906276,
        "narHash": "sha256-RsNPnEKd7BcogwkqhaV5kI/HuNC4flH/OQCC/4W5y/8=",
        "owner": "mozilla",
        "repo": "nixpkgs-mozilla",
        "rev": "8c007b60731c07dd7a052cce508de3bb1ae849b4",
        "type": "github"
      },
      "original": {
        "owner": "mozilla",
        "repo": "nixpkgs-mozilla",
        "type": "github"
      }
    },
    "nixpkgs_2": {
      "locked": {
        "lastModified": 1622130759,
        "narHash": "sha256-8VBnfkr4RcmOtYbj7wbUruwatqAggZrCLoiA6N4CLMs=",
        "path": "/nix/store/nl8ffxqqh0n219pksphnfwha27myb140-source",
        "rev": "d8e73279b9e9dda14ba18d03f69c3747ae52a8b7",
        "type": "path"
      },
      "original": {
        "id": "nixpkgs",
        "type": "indirect"
      }
    },
    "nodejs": {
      "inputs": {
        "nixpkgs": [
          "nixpkgs"
        ],
        "pkgs-src": "pkgs-src"
      },
      "locked": {
        "lastModified": 1622500607,
        "narHash": "sha256-T8uMV4KZlQOFplJ4EHe7AMayRKAKNwzLY7pSNXpIBiI=",
        "owner": "calbrecht",
        "repo": "f4s-nodejs",
        "rev": "834ce38562e06619e90dac69c82e17d48e011d36",
        "type": "github"
      },
      "original": {
        "owner": "calbrecht",
        "repo": "f4s-nodejs",
        "type": "github"
      }
    },
    "pkgs-src": {
      "flake": false,
      "locked": {
        "dir": "pkgs",
        "lastModified": 1622500594,
        "narHash": "sha256-RJafO8c9Et4wZoogtcuWNFK+OltXdIRAxSCzZqTve+I=",
        "owner": "calbrecht",
        "repo": "f4s-nodejs",
        "rev": "701d364940947659866d2276ac81834c668894ef",
        "type": "github"
      },
      "original": {
        "dir": "pkgs",
        "owner": "calbrecht",
        "repo": "f4s-nodejs",
        "type": "github"
      }
    },
    "root": {
      "inputs": {
        "emacs-overlay": "emacs-overlay",
        "init-leafs": "init-leafs",
        "nixpkgs": "nixpkgs",
        "nodejs": "nodejs",
        "rust": "rust"
      }
    },
    "rust": {
      "inputs": {
        "nixpkgs": "nixpkgs_2",
        "nixpkgs-mozilla": "nixpkgs-mozilla"
      },
      "locked": {
        "lastModified": 1622132380,
        "narHash": "sha256-jU8SH0SPSV6p+PpTpHXSJA7Brzr2wkdwxxxnu8Q7AoI=",
        "owner": "calbrecht",
        "repo": "f4s-rust",
        "rev": "e0a5c6573bbccd9ec6ea2536b146b89e09c052ec",
        "type": "github"
      },
      "original": {
        "owner": "calbrecht",
        "repo": "f4s-rust",
        "type": "github"
      }
    }
  },
  "root": "root",
  "version": 7
}
